
Microsoft Visual Studio Solution File, Format Version 12.00
# Visual Studio Version 17
VisualStudioVersion = 17.0.32014.148
MinimumVisualStudioVersion = 10.0.40219.1
Project("{2150E333-8FDC-42A3-9474-1A3956D46DE8}") = "SRC", "SRC", "{2361D767-39CA-4F40-9871-8D102EB4C81C}"
EndProject
Project("{2150E333-8FDC-42A3-9474-1A3956D46DE8}") = "Core", "Core", "{842D7731-C082-4C54-8A66-E058A491651C}"
EndProject
Project("{2150E333-8FDC-42A3-9474-1A3956D46DE8}") = "Infrastructure", "Infrastructure", "{E3317244-E9F6-44F1-AFA2-99A0863CE88E}"
EndProject
Project("{2150E333-8FDC-42A3-9474-1A3956D46DE8}") = "Presentation", "Presentation", "{931707C9-0E9A-4A08-AB7C-EC599F518E99}"
EndProject
Project("{9A19103F-16F7-4668-BE54-9A1E7A4F7556}") = "Infra.Utils", "Infra.Utils\Infra.Utils.csproj", "{05F9DE9B-3F81-46B2-9FEC-9A691B633E38}"
EndProject
Project("{9A19103F-16F7-4668-BE54-9A1E7A4F7556}") = "Core.Utils", "Core.Utils\Core.Utils.csproj", "{B4A8251A-6C64-4252-9E0F-80239AEE70D9}"
EndProject
Project("{9A19103F-16F7-4668-BE54-9A1E7A4F7556}") = "Infra.EMS", "Infra.EMS\Infra.EMS.csproj", "{54E1EB19-9E7C-4690-88E2-E605C1F4AA28}"
EndProject
Project("{9A19103F-16F7-4668-BE54-9A1E7A4F7556}") = "Core.EMS", "Core.EMS\Core.EMS.csproj", "{48EF70AE-EB29-4DD5-AEA6-02DC58892266}"
EndProject
Project("{54A90642-561A-4BB1-A94E-469ADEE60C69}") = "angularproject1", "..\angularproject1\angularproject1.esproj", "{2A60A42B-67A6-49CF-A02A-CBA279287D9E}"
EndProject
Project("{9A19103F-16F7-4668-BE54-9A1E7A4F7556}") = "WEBAPI", "..\WEBAPI\WEBAPI.csproj", "{54A660A7-830C-49A5-BACC-59EAFBF811A9}"
EndProject
Global
	GlobalSection(SolutionConfigurationPlatforms) = preSolution
		Debug|Any CPU = Debug|Any CPU
		Release|Any CPU = Release|Any CPU
	EndGlobalSection
	GlobalSection(ProjectConfigurationPlatforms) = postSolution
		{05F9DE9B-3F81-46B2-9FEC-9A691B633E38}.Debug|Any CPU.ActiveCfg = Debug|Any CPU
		{05F9DE9B-3F81-46B2-9FEC-9A691B633E38}.Debug|Any CPU.Build.0 = Debug|Any CPU
		{05F9DE9B-3F81-46B2-9FEC-9A691B633E38}.Release|Any CPU.ActiveCfg = Release|Any CPU
		{05F9DE9B-3F81-46B2-9FEC-9A691B633E38}.Release|Any CPU.Build.0 = Release|Any CPU
		{B4A8251A-6C64-4252-9E0F-80239AEE70D9}.Debug|Any CPU.ActiveCfg = Debug|Any CPU
		{B4A8251A-6C64-4252-9E0F-80239AEE70D9}.Debug|Any CPU.Build.0 = Debug|Any CPU
		{B4A8251A-6C64-4252-9E0F-80239AEE70D9}.Release|Any CPU.ActiveCfg = Release|Any CPU
		{B4A8251A-6C64-4252-9E0F-80239AEE70D9}.Release|Any CPU.Build.0 = Release|Any CPU
		{54E1EB19-9E7C-4690-88E2-E605C1F4AA28}.Debug|Any CPU.ActiveCfg = Debug|Any CPU
		{54E1EB19-9E7C-4690-88E2-E605C1F4AA28}.Debug|Any CPU.Build.0 = Debug|Any CPU
		{54E1EB19-9E7C-4690-88E2-E605C1F4AA28}.Release|Any CPU.ActiveCfg = Release|Any CPU
		{54E1EB19-9E7C-4690-88E2-E605C1F4AA28}.Release|Any CPU.Build.0 = Release|Any CPU
		{48EF70AE-EB29-4DD5-AEA6-02DC58892266}.Debug|Any CPU.ActiveCfg = Debug|Any CPU
		{48EF70AE-EB29-4DD5-AEA6-02DC58892266}.Debug|Any CPU.Build.0 = Debug|Any CPU
		{48EF70AE-EB29-4DD5-AEA6-02DC58892266}.Release|Any CPU.ActiveCfg = Release|Any CPU
		{48EF70AE-EB29-4DD5-AEA6-02DC58892266}.Release|Any CPU.Build.0 = Release|Any CPU
		{2A60A42B-67A6-49CF-A02A-CBA279287D9E}.Debug|Any CPU.ActiveCfg = Debug|Any CPU
		{2A60A42B-67A6-49CF-A02A-CBA279287D9E}.Debug|Any CPU.Build.0 = Debug|Any CPU
		{2A60A42B-67A6-49CF-A02A-CBA279287D9E}.Debug|Any CPU.Deploy.0 = Debug|Any CPU
		{2A60A42B-67A6-49CF-A02A-CBA279287D9E}.Release|Any CPU.ActiveCfg = Release|Any CPU
		{2A60A42B-67A6-49CF-A02A-CBA279287D9E}.Release|Any CPU.Build.0 = Release|Any CPU
		{2A60A42B-67A6-49CF-A02A-CBA279287D9E}.Release|Any CPU.Deploy.0 = Release|Any CPU
		{54A660A7-830C-49A5-BACC-59EAFBF811A9}.Debug|Any CPU.ActiveCfg = Debug|Any CPU
		{54A660A7-830C-49A5-BACC-59EAFBF811A9}.Debug|Any CPU.Build.0 = Debug|Any CPU
		{54A660A7-830C-49A5-BACC-59EAFBF811A9}.Release|Any CPU.ActiveCfg = Release|Any CPU
		{54A660A7-830C-49A5-BACC-59EAFBF811A9}.Release|Any CPU.Build.0 = Release|Any CPU
	EndGlobalSection
	GlobalSection(SolutionProperties) = preSolution
		HideSolutionNode = FALSE
	EndGlobalSection
	GlobalSection(NestedProjects) = preSolution
		{842D7731-C082-4C54-8A66-E058A491651C} = {2361D767-39CA-4F40-9871-8D102EB4C81C}
		{E3317244-E9F6-44F1-AFA2-99A0863CE88E} = {2361D767-39CA-4F40-9871-8D102EB4C81C}
		{931707C9-0E9A-4A08-AB7C-EC599F518E99} = {2361D767-39CA-4F40-9871-8D102EB4C81C}
		{05F9DE9B-3F81-46B2-9FEC-9A691B633E38} = {E3317244-E9F6-44F1-AFA2-99A0863CE88E}
		{B4A8251A-6C64-4252-9E0F-80239AEE70D9} = {842D7731-C082-4C54-8A66-E058A491651C}
		{54E1EB19-9E7C-4690-88E2-E605C1F4AA28} = {E3317244-E9F6-44F1-AFA2-99A0863CE88E}
		{48EF70AE-EB29-4DD5-AEA6-02DC58892266} = {842D7731-C082-4C54-8A66-E058A491651C}
		{54A660A7-830C-49A5-BACC-59EAFBF811A9} = {931707C9-0E9A-4A08-AB7C-EC599F518E99}
	EndGlobalSection
	GlobalSection(ExtensibilityGlobals) = postSolution
		SolutionGuid = {BF56220E-BB99-4C88-AE00-33E8172F9817}
	EndGlobalSection
EndGlobal
